
Microsoft Visual Studio Solution File, Format Version 12.00
# Visual Studio 15
VisualStudioVersion = 15.0.28010.2026
MinimumVisualStudioVersion = 10.0.40219.1
Project("{2150E333-8FDC-42A3-9474-1A3956D46DE8}") = "Solution Items", "Solution Items", "{18E0DF2F-2274-483B-869F-25DCFA6D6813}"
	ProjectSection(SolutionItems) = preProject
		..\azure-pipelines.yml = ..\azure-pipelines.yml
	EndProjectSection
EndProject
Project("{FAE04EC0-301F-11D3-BF4B-00C04F79EFBC}") = "DNSUpdaterTests", "DNSUpdaterTests\DNSUpdaterTests.csproj", "{1880C901-710C-4FE5-BAAA-0C8E6599DA58}"
EndProject
Project("{FAE04EC0-301F-11D3-BF4B-00C04F79EFBC}") = "DNSUpdaterService", "DNSUpdaterService\DNSUpdaterService.csproj", "{6216C91A-263C-444A-BC63-01735030E1A4}"
EndProject
Project("{930C7802-8A8C-48F9-8165-68863BCCD9DD}") = "DNSUpdater.Installer", "DNSUpdater.Installer\DNSUpdater.Installer.wixproj", "{40AC63DE-E8BB-44E0-AD4E-6726BCD4E7AD}"
EndProject
Global
	GlobalSection(SolutionConfigurationPlatforms) = preSolution
		Debug|x64 = Debug|x64
		Debug|x86 = Debug|x86
		Release|x64 = Release|x64
		Release|x86 = Release|x86
	EndGlobalSection
	GlobalSection(ProjectConfigurationPlatforms) = postSolution
		{1880C901-710C-4FE5-BAAA-0C8E6599DA58}.Debug|x64.ActiveCfg = Debug|x64
		{1880C901-710C-4FE5-BAAA-0C8E6599DA58}.Debug|x64.Build.0 = Debug|x64
		{1880C901-710C-4FE5-BAAA-0C8E6599DA58}.Debug|x86.ActiveCfg = Debug|x86
		{1880C901-710C-4FE5-BAAA-0C8E6599DA58}.Debug|x86.Build.0 = Debug|x86
		{1880C901-710C-4FE5-BAAA-0C8E6599DA58}.Release|x64.ActiveCfg = Release|x64
		{1880C901-710C-4FE5-BAAA-0C8E6599DA58}.Release|x64.Build.0 = Release|x64
		{1880C901-710C-4FE5-BAAA-0C8E6599DA58}.Release|x86.ActiveCfg = Release|x86
		{1880C901-710C-4FE5-BAAA-0C8E6599DA58}.Release|x86.Build.0 = Release|x86
		{6216C91A-263C-444A-BC63-01735030E1A4}.Debug|x64.ActiveCfg = Debug|x64
		{6216C91A-263C-444A-BC63-01735030E1A4}.Debug|x64.Build.0 = Debug|x64
		{6216C91A-263C-444A-BC63-01735030E1A4}.Debug|x86.ActiveCfg = Debug|x86
		{6216C91A-263C-444A-BC63-01735030E1A4}.Debug|x86.Build.0 = Debug|x86
		{6216C91A-263C-444A-BC63-01735030E1A4}.Release|x64.ActiveCfg = Release|x64
		{6216C91A-263C-444A-BC63-01735030E1A4}.Release|x64.Build.0 = Release|x64
		{6216C91A-263C-444A-BC63-01735030E1A4}.Release|x86.ActiveCfg = Release|x86
		{6216C91A-263C-444A-BC63-01735030E1A4}.Release|x86.Build.0 = Release|x86
		{40AC63DE-E8BB-44E0-AD4E-6726BCD4E7AD}.Debug|x64.ActiveCfg = Debug|x64
		{40AC63DE-E8BB-44E0-AD4E-6726BCD4E7AD}.Debug|x64.Build.0 = Debug|x64
		{40AC63DE-E8BB-44E0-AD4E-6726BCD4E7AD}.Debug|x86.ActiveCfg = Debug|x86
		{40AC63DE-E8BB-44E0-AD4E-6726BCD4E7AD}.Debug|x86.Build.0 = Debug|x86
		{40AC63DE-E8BB-44E0-AD4E-6726BCD4E7AD}.Release|x64.ActiveCfg = Release|x86
		{40AC63DE-E8BB-44E0-AD4E-6726BCD4E7AD}.Release|x86.ActiveCfg = Release|x86
		{40AC63DE-E8BB-44E0-AD4E-6726BCD4E7AD}.Release|x86.Build.0 = Release|x86
	EndGlobalSection
	GlobalSection(SolutionProperties) = preSolution
		HideSolutionNode = FALSE
	EndGlobalSection
	GlobalSection(ExtensibilityGlobals) = postSolution
		SolutionGuid = {856CB095-3D46-453F-B5CD-89D02F8E1FED}
	EndGlobalSection
EndGlobal
